// !$*UTF8*$!
{
	archiveVersion = 1;
	classes = {
	};
	objectVersion = 50;
	objects = {

/* Begin PBXBuildFile section */
		23053F4821DE69910084AC5D /* AppDelegate.swift in Sources */ = {isa = PBXBuildFile; fileRef = 23053F4721DE69910084AC5D /* AppDelegate.swift */; };
		23053F4D21DE69910084AC5D /* Main.storyboard in Resources */ = {isa = PBXBuildFile; fileRef = 23053F4B21DE69910084AC5D /* Main.storyboard */; };
		23053F4F21DE69930084AC5D /* Assets.xcassets in Resources */ = {isa = PBXBuildFile; fileRef = 23053F4E21DE69930084AC5D /* Assets.xcassets */; };
		23053F5221DE69930084AC5D /* LaunchScreen.storyboard in Resources */ = {isa = PBXBuildFile; fileRef = 23053F5021DE69930084AC5D /* LaunchScreen.storyboard */; };
		23053F5A21DE77E40084AC5D /* HomepageViewController.swift in Sources */ = {isa = PBXBuildFile; fileRef = 23053F5921DE77E40084AC5D /* HomepageViewController.swift */; };
		23053F5C21DE78CF0084AC5D /* QuizzViewController.swift in Sources */ = {isa = PBXBuildFile; fileRef = 23053F5B21DE78CF0084AC5D /* QuizzViewController.swift */; };
		23053F5E21DE8FD90084AC5D /* HomeButton.swift in Sources */ = {isa = PBXBuildFile; fileRef = 23053F5D21DE8FD90084AC5D /* HomeButton.swift */; };
		23053F6021DE93770084AC5D /* PropositionButton.swift in Sources */ = {isa = PBXBuildFile; fileRef = 23053F5F21DE93770084AC5D /* PropositionButton.swift */; };
		23053F6221DE95B90084AC5D /* Question.swift in Sources */ = {isa = PBXBuildFile; fileRef = 23053F6121DE95B90084AC5D /* Question.swift */; };
		23522ADB21DFD0D30098837C /* PopUp.swift in Sources */ = {isa = PBXBuildFile; fileRef = 23522ADA21DFD0D30098837C /* PopUp.swift */; };
		239BE0F321DF76CF00EEE0EB /* ext.swift in Sources */ = {isa = PBXBuildFile; fileRef = 239BE0F221DF76CF00EEE0EB /* ext.swift */; };
/* End PBXBuildFile section */

/* Begin PBXFileReference section */
		23053F4421DE69910084AC5D /* Fun Quiz.app */ = {isa = PBXFileReference; explicitFileType = wrapper.application; includeInIndex = 0; path = "Fun Quiz.app"; sourceTree = BUILT_PRODUCTS_DIR; };
		23053F4721DE69910084AC5D /* AppDelegate.swift */ = {isa = PBXFileReference; lastKnownFileType = sourcecode.swift; path = AppDelegate.swift; sourceTree = "<group>"; };
		23053F4C21DE69910084AC5D /* Base */ = {isa = PBXFileReference; lastKnownFileType = file.storyboard; name = Base; path = Base.lproj/Main.storyboard; sourceTree = "<group>"; };
		23053F4E21DE69930084AC5D /* Assets.xcassets */ = {isa = PBXFileReference; lastKnownFileType = folder.assetcatalog; path = Assets.xcassets; sourceTree = "<group>"; };
		23053F5121DE69930084AC5D /* Base */ = {isa = PBXFileReference; lastKnownFileType = file.storyboard; name = Base; path = Base.lproj/LaunchScreen.storyboard; sourceTree = "<group>"; };
		23053F5321DE69930084AC5D /* Info.plist */ = {isa = PBXFileReference; lastKnownFileType = text.plist.xml; path = Info.plist; sourceTree = "<group>"; };
		23053F5921DE77E40084AC5D /* HomepageViewController.swift */ = {isa = PBXFileReference; lastKnownFileType = sourcecode.swift; path = HomepageViewController.swift; sourceTree = "<group>"; };
		23053F5B21DE78CF0084AC5D /* QuizzViewController.swift */ = {isa = PBXFileReference; lastKnownFileType = sourcecode.swift; path = QuizzViewController.swift; sourceTree = "<group>"; };
		23053F5D21DE8FD90084AC5D /* HomeButton.swift */ = {isa = PBXFileReference; lastKnownFileType = sourcecode.swift; path = HomeButton.swift; sourceTree = "<group>"; };
		23053F5F21DE93770084AC5D /* PropositionButton.swift */ = {isa = PBXFileReference; lastKnownFileType = sourcecode.swift; path = PropositionButton.swift; sourceTree = "<group>"; };
		23053F6121DE95B90084AC5D /* Question.swift */ = {isa = PBXFileReference; lastKnownFileType = sourcecode.swift; path = Question.swift; sourceTree = "<group>"; };
		23522ADA21DFD0D30098837C /* PopUp.swift */ = {isa = PBXFileReference; lastKnownFileType = sourcecode.swift; path = PopUp.swift; sourceTree = "<group>"; };
		239BE0F221DF76CF00EEE0EB /* ext.swift */ = {isa = PBXFileReference; lastKnownFileType = sourcecode.swift; path = ext.swift; sourceTree = "<group>"; };
/* End PBXFileReference section */

/* Begin PBXFrameworksBuildPhase section */
		23053F4121DE69910084AC5D /* Frameworks */ = {
			isa = PBXFrameworksBuildPhase;
			buildActionMask = 2147483647;
			files = (
			);
			runOnlyForDeploymentPostprocessing = 0;
		};
/* End PBXFrameworksBuildPhase section */

/* Begin PBXGroup section */
		23053F3B21DE69910084AC5D = {
			isa = PBXGroup;
			children = (
				23053F4621DE69910084AC5D /* Fun Quiz */,
				23053F4521DE69910084AC5D /* Products */,
			);
			sourceTree = "<group>";
		};
		23053F4521DE69910084AC5D /* Products */ = {
			isa = PBXGroup;
			children = (
				23053F4421DE69910084AC5D /* Fun Quiz.app */,
			);
			name = Products;
			sourceTree = "<group>";
		};
		23053F4621DE69910084AC5D /* Fun Quiz */ = {
			isa = PBXGroup;
			children = (
				23053F4721DE69910084AC5D /* AppDelegate.swift */,
				23053F4B21DE69910084AC5D /* Main.storyboard */,
				23053F4E21DE69930084AC5D /* Assets.xcassets */,
				23053F5021DE69930084AC5D /* LaunchScreen.storyboard */,
				23053F5321DE69930084AC5D /* Info.plist */,
				23053F5921DE77E40084AC5D /* HomepageViewController.swift */,
				23053F5B21DE78CF0084AC5D /* QuizzViewController.swift */,
				23053F5D21DE8FD90084AC5D /* HomeButton.swift */,
				23053F5F21DE93770084AC5D /* PropositionButton.swift */,
				23053F6121DE95B90084AC5D /* Question.swift */,
				239BE0F221DF76CF00EEE0EB /* ext.swift */,
				23522ADA21DFD0D30098837C /* PopUp.swift */,
			);
			path = "Fun Quiz";
			sourceTree = "<group>";
		};
/* End PBXGroup section */

/* Begin PBXNativeTarget section */
		23053F4321DE69910084AC5D /* Fun Quiz */ = {
			isa = PBXNativeTarget;
			buildConfigurationList = 23053F5621DE69930084AC5D /* Build configuration list for PBXNativeTarget "Fun Quiz" */;
			buildPhases = (
				23053F4021DE69910084AC5D /* Sources */,
				23053F4121DE69910084AC5D /* Frameworks */,
				23053F4221DE69910084AC5D /* Resources */,
			);
			buildRules = (
			);
			dependencies = (
			);
			name = "Fun Quiz";
			productName = "Fun Quiz";
			productReference = 23053F4421DE69910084AC5D /* Fun Quiz.app */;
			productType = "com.apple.product-type.application";
		};
/* End PBXNativeTarget section */

/* Begin PBXProject section */
		23053F3C21DE69910084AC5D /* Project object */ = {
			isa = PBXProject;
			attributes = {
				LastSwiftUpdateCheck = 1010;
				LastUpgradeCheck = 1010;
				ORGANIZATIONNAME = "Saliou DJALO";
				TargetAttributes = {
					23053F4321DE69910084AC5D = {
						CreatedOnToolsVersion = 10.1;
					};
				};
			};
			buildConfigurationList = 23053F3F21DE69910084AC5D /* Build configuration list for PBXProject "Fun Quiz" */;
			compatibilityVersion = "Xcode 9.3";
			developmentRegion = en;
			hasScannedForEncodings = 0;
			knownRegions = (
				en,
				Base,
			);
			mainGroup = 23053F3B21DE69910084AC5D;
			productRefGroup = 23053F4521DE69910084AC5D /* Products */;
			projectDirPath = "";
			projectRoot = "";
			targets = (
				23053F4321DE69910084AC5D /* Fun Quiz */,
			);
		};
/* End PBXProject section */

/* Begin PBXResourcesBuildPhase section */
		23053F4221DE69910084AC5D /* Resources */ = {
			isa = PBXResourcesBuildPhase;
			buildActionMask = 2147483647;
			files = (
				23053F5221DE69930084AC5D /* LaunchScreen.storyboard in Resources */,
				23053F4F21DE69930084AC5D /* Assets.xcassets in Resources */,
				23053F4D21DE69910084AC5D /* Main.storyboard in Resources */,
			);
			runOnlyForDeploymentPostprocessing = 0;
		};
/* End PBXResourcesBuildPhase section */

/* Begin PBXSourcesBuildPhase section */
		23053F4021DE69910084AC5D /* Sources */ = {
			isa = PBXSourcesBuildPhase;
			buildActionMask = 2147483647;
			files = (
				23053F5E21DE8FD90084AC5D /* HomeButton.swift in Sources */,
				23053F5A21DE77E40084AC5D /* HomepageViewController.swift in Sources */,
				23522ADB21DFD0D30098837C /* PopUp.swift in Sources */,
				23053F6021DE93770084AC5D /* PropositionButton.swift in Sources */,
				239BE0F321DF76CF00EEE0EB /* ext.swift in Sources */,
				23053F6221DE95B90084AC5D /* Question.swift in Sources */,
				23053F4821DE69910084AC5D /* AppDelegate.swift in Sources */,
				23053F5C21DE78CF0084AC5D /* QuizzViewController.swift in Sources */,
			);
			runOnlyForDeploymentPostprocessing = 0;
		};
/* End PBXSourcesBuildPhase section */

/* Begin PBXVariantGroup section */
		23053F4B21DE69910084AC5D /* Main.storyboard */ = {
			isa = PBXVariantGroup;
			children = (
				23053F4C21DE69910084AC5D /* Base */,
			);
			name = Main.storyboard;
			sourceTree = "<group>";
		};
		23053F5021DE69930084AC5D /* LaunchScreen.storyboard */ = {
			isa = PBXVariantGroup;
			children = (
				23053F5121DE69930084AC5D /* Base */,
			);
			name = LaunchScreen.storyboard;
			sourceTree = "<group>";
		};
/* End PBXVariantGroup section */

/* Begin XCBuildConfiguration section */
		23053F5421DE69930084AC5D /* Debug */ = {
			isa = XCBuildConfiguration;
			buildSettings = {
				ALWAYS_SEARCH_USER_PATHS = NO;
				CLANG_ANALYZER_NONNULL = YES;
				CLANG_ANALYZER_NUMBER_OBJECT_CONVERSION = YES_AGGRESSIVE;
				CLANG_CXX_LANGUAGE_STANDARD = "gnu++14";
				CLANG_CXX_LIBRARY = "libc++";
				CLANG_ENABLE_MODULES = YES;
				CLANG_ENABLE_OBJC_ARC = YES;
				CLANG_ENABLE_OBJC_WEAK = YES;
				CLANG_WARN_BLOCK_CAPTURE_AUTORELEASING = YES;
				CLANG_WARN_BOOL_CONVERSION = YES;
				CLANG_WARN_COMMA = YES;
				CLANG_WARN_CONSTANT_CONVERSION = YES;
				CLANG_WARN_DEPRECATED_OBJC_IMPLEMENTATIONS = YES;
				CLANG_WARN_DIRECT_OBJC_ISA_USAGE = YES_ERROR;
				CLANG_WARN_DOCUMENTATION_COMMENTS = YES;
				CLANG_WARN_EMPTY_BODY = YES;
				CLANG_WARN_ENUM_CONVERSION = YES;
				CLANG_WARN_INFINITE_RECURSION = YES;
				CLANG_WARN_INT_CONVERSION = YES;
				CLANG_WARN_NON_LITERAL_NULL_CONVERSION = YES;
				CLANG_WARN_OBJC_IMPLICIT_RETAIN_SELF = YES;
				CLANG_WARN_OBJC_LITERAL_CONVERSION = YES;
				CLANG_WARN_OBJC_ROOT_CLASS = YES_ERROR;
				CLANG_WARN_RANGE_LOOP_ANALYSIS = YES;
				CLANG_WARN_STRICT_PROTOTYPES = YES;
				CLANG_WARN_SUSPICIOUS_MOVE = YES;
				CLANG_WARN_UNGUARDED_AVAILABILITY = YES_AGGRESSIVE;
				CLANG_WARN_UNREACHABLE_CODE = YES;
				CLANG_WARN__DUPLICATE_METHOD_MATCH = YES;
				CODE_SIGN_IDENTITY = "iPhone Developer";
				COPY_PHASE_STRIP = NO;
				DEBUG_INFORMATION_FORMAT = dwarf;
				ENABLE_STRICT_OBJC_MSGSEND = YES;
				ENABLE_TESTABILITY = YES;
				GCC_C_LANGUAGE_STANDARD = gnu11;
				GCC_DYNAMIC_NO_PIC = NO;
				GCC_NO_COMMON_BLOCKS = YES;
				GCC_OPTIMIZATION_LEVEL = 0;
				GCC_PREPROCESSOR_DEFINITIONS = (
					"DEBUG=1",
					"$(inherited)",
				);
				GCC_WARN_64_TO_32_BIT_CONVERSION = YES;
				GCC_WARN_ABOUT_RETURN_TYPE = YES_ERROR;
				GCC_WARN_UNDECLARED_SELECTOR = YES;
				GCC_WARN_UNINITIALIZED_AUTOS = YES_AGGRESSIVE;
				GCC_WARN_UNUSED_FUNCTION = YES;
				GCC_WARN_UNUSED_VARIABLE = YES;
				IPHONEOS_DEPLOYMENT_TARGET = 12.1;
				MTL_ENABLE_DEBUG_INFO = INCLUDE_SOURCE;
				MTL_FAST_MATH = YES;
				ONLY_ACTIVE_ARCH = YES;
				SDKROOT = iphoneos;
				SWIFT_ACTIVE_COMPILATION_CONDITIONS = DEBUG;
				SWIFT_OPTIMIZATION_LEVEL = "-Onone";
			};
			name = Debug;
		};
		23053F5521DE69930084AC5D /* Release */ = {
			isa = XCBuildConfiguration;
			buildSettings = {
				ALWAYS_SEARCH_USER_PATHS = NO;
				CLANG_ANALYZER_NONNULL = YES;
				CLANG_ANALYZER_NUMBER_OBJECT_CONVERSION = YES_AGGRESSIVE;
				CLANG_CXX_LANGUAGE_STANDARD = "gnu++14";
				CLANG_CXX_LIBRARY = "libc++";
				CLANG_ENABLE_MODULES = YES;
				CLANG_ENABLE_OBJC_ARC = YES;
				CLANG_ENABLE_OBJC_WEAK = YES;
				CLANG_WARN_BLOCK_CAPTURE_AUTORELEASING = YES;
				CLANG_WARN_BOOL_CONVERSION = YES;
				CLANG_WARN_COMMA = YES;
				CLANG_WARN_CONSTANT_CONVERSION = YES;
				CLANG_WARN_DEPRECATED_OBJC_IMPLEMENTATIONS = YES;
				CLANG_WARN_DIRECT_OBJC_ISA_USAGE = YES_ERROR;
				CLANG_WARN_DOCUMENTATION_COMMENTS = YES;
				CLANG_WARN_EMPTY_BODY = YES;
				CLANG_WARN_ENUM_CONVERSION = YES;
				CLANG_WARN_INFINITE_RECURSION = YES;
				CLANG_WARN_INT_CONVERSION = YES;
				CLANG_WARN_NON_LITERAL_NULL_CONVERSION = YES;
				CLANG_WARN_OBJC_IMPLICIT_RETAIN_SELF = YES;
				CLANG_WARN_OBJC_LITERAL_CONVERSION = YES;
				CLANG_WARN_OBJC_ROOT_CLASS = YES_ERROR;
				CLANG_WARN_RANGE_LOOP_ANALYSIS = YES;
				CLANG_WARN_STRICT_PROTOTYPES = YES;
				CLANG_WARN_SUSPICIOUS_MOVE = YES;
				CLANG_WARN_UNGUARDED_AVAILABILITY = YES_AGGRESSIVE;
				CLANG_WARN_UNREACHABLE_CODE = YES;
				CLANG_WARN__DUPLICATE_METHOD_MATCH = YES;
				CODE_SIGN_IDENTITY = "iPhone Developer";
				COPY_PHASE_STRIP = NO;
				DEBUG_INFORMATION_FORMAT = "dwarf-with-dsym";
				ENABLE_NS_ASSERTIONS = NO;
				ENABLE_STRICT_OBJC_MSGSEND = YES;
				GCC_C_LANGUAGE_STANDARD = gnu11;
				GCC_NO_COMMON_BLOCKS = YES;
				GCC_WARN_64_TO_32_BIT_CONVERSION = YES;
				GCC_WARN_ABOUT_RETURN_TYPE = YES_ERROR;
				GCC_WARN_UNDECLARED_SELECTOR = YES;
				GCC_WARN_UNINITIALIZED_AUTOS = YES_AGGRESSIVE;
				GCC_WARN_UNUSED_FUNCTION = YES;
				GCC_WARN_UNUSED_VARIABLE = YES;
				IPHONEOS_DEPLOYMENT_TARGET = 12.1;
				MTL_ENABLE_DEBUG_INFO = NO;
				MTL_FAST_MATH = YES;
				SDKROOT = iphoneos;
				SWIFT_COMPILATION_MODE = wholemodule;
				SWIFT_OPTIMIZATION_LEVEL = "-O";
				VALIDATE_PRODUCT = YES;
			};
			name = Release;
		};
		23053F5721DE69930084AC5D /* Debug */ = {
			isa = XCBuildConfiguration;
			buildSettings = {
				ASSETCATALOG_COMPILER_APPICON_NAME = AppIcon;
				CODE_SIGN_STYLE = Automatic;
				DEVELOPMENT_TEAM = P2XHN57QAV;
				INFOPLIST_FILE = "Fun Quiz/Info.plist";
				LD_RUNPATH_SEARCH_PATHS = (
					"$(inherited)",
					"@executable_path/Frameworks",
				);
				PRODUCT_BUNDLE_IDENTIFIER = "com.djalo.Fun-Quiz";
				PRODUCT_NAME = "$(TARGET_NAME)";
				SWIFT_VERSION = 4.2;
				TARGETED_DEVICE_FAMILY = "1,2";
			};
			name = Debug;
		};
		23053F5821DE69930084AC5D /* Release */ = {
			isa = XCBuildConfiguration;
			buildSettings = {
				ASSETCATALOG_COMPILER_APPICON_NAME = AppIcon;
				CODE_SIGN_STYLE = Automatic;
				DEVELOPMENT_TEAM = P2XHN57QAV;
				INFOPLIST_FILE = "Fun Quiz/Info.plist";
				LD_RUNPATH_SEARCH_PATHS = (
					"$(inherited)",
					"@executable_path/Frameworks",
				);
				PRODUCT_BUNDLE_IDENTIFIER = "com.djalo.Fun-Quiz";
				PRODUCT_NAME = "$(TARGET_NAME)";
				SWIFT_VERSION = 4.2;
				TARGETED_DEVICE_FAMILY = "1,2";
			};
			name = Release;
		};
/* End XCBuildConfiguration section */

/* Begin XCConfigurationList section */
		23053F3F21DE69910084AC5D /* Build configuration list for PBXProject "Fun Quiz" */ = {
			isa = XCConfigurationList;
			buildConfigurations = (
				23053F5421DE69930084AC5D /* Debug */,
				23053F5521DE69930084AC5D /* Release */,
			);
			defaultConfigurationIsVisible = 0;
			defaultConfigurationName = Release;
		};
		23053F5621DE69930084AC5D /* Build configuration list for PBXNativeTarget "Fun Quiz" */ = {
			isa = XCConfigurationList;
			buildConfigurations = (
				23053F5721DE69930084AC5D /* Debug */,
				23053F5821DE69930084AC5D /* Release */,
			);
			defaultConfigurationIsVisible = 0;
			defaultConfigurationName = Release;
		};
/* End XCConfigurationList section */
	};
	rootObject = 23053F3C21DE69910084AC5D /* Project object */;
}
